
Microsoft Visual Studio Solution File, Format Version 12.00
# Visual Studio Version 17
VisualStudioVersion = 17.7.34018.315
MinimumVisualStudioVersion = 10.0.40219.1
Project("{8BC9CEB8-8B4A-11D0-8D11-00A0C91BC942}") = "Bas.Belvedere.Arm", "Bas.Belvedere.Arm\Bas.Belvedere.Arm.vcxproj", "{A4772D03-B51B-4DF9-A0ED-A25891616533}"
EndProject
Global
	GlobalSection(SolutionConfigurationPlatforms) = preSolution
		Debug|ARM = Debug|ARM
		Debug|ARM64 = Debug|ARM64
		Debug|x64 = Debug|x64
		Debug|x86 = Debug|x86
		Release|ARM = Release|ARM
		Release|ARM64 = Release|ARM64
		Release|x64 = Release|x64
		Release|x86 = Release|x86
	EndGlobalSection
	GlobalSection(ProjectConfigurationPlatforms) = postSolution
		{A4772D03-B51B-4DF9-A0ED-A25891616533}.Debug|ARM.ActiveCfg = Debug|ARM
		{A4772D03-B51B-4DF9-A0ED-A25891616533}.Debug|ARM.Build.0 = Debug|ARM
		{A4772D03-B51B-4DF9-A0ED-A25891616533}.Debug|ARM.Deploy.0 = Debug|ARM
		{A4772D03-B51B-4DF9-A0ED-A25891616533}.Debug|ARM64.ActiveCfg = Debug|ARM64
		{A4772D03-B51B-4DF9-A0ED-A25891616533}.Debug|ARM64.Build.0 = Debug|ARM64
		{A4772D03-B51B-4DF9-A0ED-A25891616533}.Debug|ARM64.Deploy.0 = Debug|ARM64
		{A4772D03-B51B-4DF9-A0ED-A25891616533}.Debug|x64.ActiveCfg = Debug|x64
		{A4772D03-B51B-4DF9-A0ED-A25891616533}.Debug|x64.Build.0 = Debug|x64
		{A4772D03-B51B-4DF9-A0ED-A25891616533}.Debug|x64.Deploy.0 = Debug|x64
		{A4772D03-B51B-4DF9-A0ED-A25891616533}.Debug|x86.ActiveCfg = Debug|x86
		{A4772D03-B51B-4DF9-A0ED-A25891616533}.Debug|x86.Build.0 = Debug|x86
		{A4772D03-B51B-4DF9-A0ED-A25891616533}.Debug|x86.Deploy.0 = Debug|x86
		{A4772D03-B51B-4DF9-A0ED-A25891616533}.Release|ARM.ActiveCfg = Release|ARM
		{A4772D03-B51B-4DF9-A0ED-A25891616533}.Release|ARM.Build.0 = Release|ARM
		{A4772D03-B51B-4DF9-A0ED-A25891616533}.Release|ARM.Deploy.0 = Release|ARM
		{A4772D03-B51B-4DF9-A0ED-A25891616533}.Release|ARM64.ActiveCfg = Release|ARM64
		{A4772D03-B51B-4DF9-A0ED-A25891616533}.Release|ARM64.Build.0 = Release|ARM64
		{A4772D03-B51B-4DF9-A0ED-A25891616533}.Release|ARM64.Deploy.0 = Release|ARM64
		{A4772D03-B51B-4DF9-A0ED-A25891616533}.Release|x64.ActiveCfg = Release|x64
		{A4772D03-B51B-4DF9-A0ED-A25891616533}.Release|x64.Build.0 = Release|x64
		{A4772D03-B51B-4DF9-A0ED-A25891616533}.Release|x64.Deploy.0 = Release|x64
		{A4772D03-B51B-4DF9-A0ED-A25891616533}.Release|x86.ActiveCfg = Release|x86
		{A4772D03-B51B-4DF9-A0ED-A25891616533}.Release|x86.Build.0 = Release|x86
		{A4772D03-B51B-4DF9-A0ED-A25891616533}.Release|x86.Deploy.0 = Release|x86
	EndGlobalSection
	GlobalSection(SolutionProperties) = preSolution
		HideSolutionNode = FALSE
	EndGlobalSection
	GlobalSection(ExtensibilityGlobals) = postSolution
		SolutionGuid = {5B455AA1-682D-4814-B24C-E325CC8479D6}
	EndGlobalSection
EndGlobal
